
Microsoft Visual Studio Solution File, Format Version 12.00
# Visual Studio 15
VisualStudioVersion = 15.0.27703.2000
MinimumVisualStudioVersion = 10.0.40219.1
Project("{FAE04EC0-301F-11D3-BF4B-00C04F79EFBC}") = "WeatherApp.Android", "WeatherApp\WeatherApp.Android\WeatherApp.Android.csproj", "{345B50DC-3F67-4F83-83DE-E0BD7A918FA8}"
EndProject
Project("{FAE04EC0-301F-11D3-BF4B-00C04F79EFBC}") = "WeatherApp.iOS", "WeatherApp\WeatherApp.iOS\WeatherApp.iOS.csproj", "{A705DD0A-2D7D-42F7-885F-F568261955AB}"
EndProject
Project("{FAE04EC0-301F-11D3-BF4B-00C04F79EFBC}") = "WeatherApp.UWP", "WeatherApp\WeatherApp.UWP\WeatherApp.UWP.csproj", "{E2D702EA-5B21-4701-842C-0BB04CCD27BE}"
EndProject
Project("{9A19103F-16F7-4668-BE54-9A1E7A4F7556}") = "WeatherApp", "WeatherApp\WeatherApp\WeatherApp.csproj", "{79B212F4-7235-4EAE-B123-33105A75AC18}"
EndProject
Global
	GlobalSection(SolutionConfigurationPlatforms) = preSolution
		Ad-Hoc|Any CPU = Ad-Hoc|Any CPU
		Ad-Hoc|ARM = Ad-Hoc|ARM
		Ad-Hoc|iPhone = Ad-Hoc|iPhone
		Ad-Hoc|iPhoneSimulator = Ad-Hoc|iPhoneSimulator
		Ad-Hoc|x64 = Ad-Hoc|x64
		Ad-Hoc|x86 = Ad-Hoc|x86
		AppStore|Any CPU = AppStore|Any CPU
		AppStore|ARM = AppStore|ARM
		AppStore|iPhone = AppStore|iPhone
		AppStore|iPhoneSimulator = AppStore|iPhoneSimulator
		AppStore|x64 = AppStore|x64
		AppStore|x86 = AppStore|x86
		Debug|Any CPU = Debug|Any CPU
		Debug|ARM = Debug|ARM
		Debug|iPhone = Debug|iPhone
		Debug|iPhoneSimulator = Debug|iPhoneSimulator
		Debug|x64 = Debug|x64
		Debug|x86 = Debug|x86
		Release|Any CPU = Release|Any CPU
		Release|ARM = Release|ARM
		Release|iPhone = Release|iPhone
		Release|iPhoneSimulator = Release|iPhoneSimulator
		Release|x64 = Release|x64
		Release|x86 = Release|x86
	EndGlobalSection
	GlobalSection(ProjectConfigurationPlatforms) = postSolution
		{345B50DC-3F67-4F83-83DE-E0BD7A918FA8}.Ad-Hoc|Any CPU.ActiveCfg = Release|Any CPU
		{345B50DC-3F67-4F83-83DE-E0BD7A918FA8}.Ad-Hoc|Any CPU.Build.0 = Release|Any CPU
		{345B50DC-3F67-4F83-83DE-E0BD7A918FA8}.Ad-Hoc|Any CPU.Deploy.0 = Release|Any CPU
		{345B50DC-3F67-4F83-83DE-E0BD7A918FA8}.Ad-Hoc|ARM.ActiveCfg = Release|Any CPU
		{345B50DC-3F67-4F83-83DE-E0BD7A918FA8}.Ad-Hoc|ARM.Build.0 = Release|Any CPU
		{345B50DC-3F67-4F83-83DE-E0BD7A918FA8}.Ad-Hoc|ARM.Deploy.0 = Release|Any CPU
		{345B50DC-3F67-4F83-83DE-E0BD7A918FA8}.Ad-Hoc|iPhone.ActiveCfg = Release|Any CPU
		{345B50DC-3F67-4F83-83DE-E0BD7A918FA8}.Ad-Hoc|iPhone.Build.0 = Release|Any CPU
		{345B50DC-3F67-4F83-83DE-E0BD7A918FA8}.Ad-Hoc|iPhone.Deploy.0 = Release|Any CPU
		{345B50DC-3F67-4F83-83DE-E0BD7A918FA8}.Ad-Hoc|iPhoneSimulator.ActiveCfg = Release|Any CPU
		{345B50DC-3F67-4F83-83DE-E0BD7A918FA8}.Ad-Hoc|iPhoneSimulator.Build.0 = Release|Any CPU
		{345B50DC-3F67-4F83-83DE-E0BD7A918FA8}.Ad-Hoc|iPhoneSimulator.Deploy.0 = Release|Any CPU
		{345B50DC-3F67-4F83-83DE-E0BD7A918FA8}.Ad-Hoc|x64.ActiveCfg = Release|Any CPU
		{345B50DC-3F67-4F83-83DE-E0BD7A918FA8}.Ad-Hoc|x64.Build.0 = Release|Any CPU
		{345B50DC-3F67-4F83-83DE-E0BD7A918FA8}.Ad-Hoc|x64.Deploy.0 = Release|Any CPU
		{345B50DC-3F67-4F83-83DE-E0BD7A918FA8}.Ad-Hoc|x86.ActiveCfg = Release|Any CPU
		{345B50DC-3F67-4F83-83DE-E0BD7A918FA8}.Ad-Hoc|x86.Build.0 = Release|Any CPU
		{345B50DC-3F67-4F83-83DE-E0BD7A918FA8}.Ad-Hoc|x86.Deploy.0 = Release|Any CPU
		{345B50DC-3F67-4F83-83DE-E0BD7A918FA8}.AppStore|Any CPU.ActiveCfg = Release|Any CPU
		{345B50DC-3F67-4F83-83DE-E0BD7A918FA8}.AppStore|Any CPU.Build.0 = Release|Any CPU
		{345B50DC-3F67-4F83-83DE-E0BD7A918FA8}.AppStore|Any CPU.Deploy.0 = Release|Any CPU
		{345B50DC-3F67-4F83-83DE-E0BD7A918FA8}.AppStore|ARM.ActiveCfg = Release|Any CPU
		{345B50DC-3F67-4F83-83DE-E0BD7A918FA8}.AppStore|ARM.Build.0 = Release|Any CPU
		{345B50DC-3F67-4F83-83DE-E0BD7A918FA8}.AppStore|ARM.Deploy.0 = Release|Any CPU
		{345B50DC-3F67-4F83-83DE-E0BD7A918FA8}.AppStore|iPhone.ActiveCfg = Release|Any CPU
		{345B50DC-3F67-4F83-83DE-E0BD7A918FA8}.AppStore|iPhone.Build.0 = Release|Any CPU
		{345B50DC-3F67-4F83-83DE-E0BD7A918FA8}.AppStore|iPhone.Deploy.0 = Release|Any CPU
		{345B50DC-3F67-4F83-83DE-E0BD7A918FA8}.AppStore|iPhoneSimulator.ActiveCfg = Release|Any CPU
		{345B50DC-3F67-4F83-83DE-E0BD7A918FA8}.AppStore|iPhoneSimulator.Build.0 = Release|Any CPU
		{345B50DC-3F67-4F83-83DE-E0BD7A918FA8}.AppStore|iPhoneSimulator.Deploy.0 = Release|Any CPU
		{345B50DC-3F67-4F83-83DE-E0BD7A918FA8}.AppStore|x64.ActiveCfg = Release|Any CPU
		{345B50DC-3F67-4F83-83DE-E0BD7A918FA8}.AppStore|x64.Build.0 = Release|Any CPU
		{345B50DC-3F67-4F83-83DE-E0BD7A918FA8}.AppStore|x64.Deploy.0 = Release|Any CPU
		{345B50DC-3F67-4F83-83DE-E0BD7A918FA8}.AppStore|x86.ActiveCfg = Release|Any CPU
		{345B50DC-3F67-4F83-83DE-E0BD7A918FA8}.AppStore|x86.Build.0 = Release|Any CPU
		{345B50DC-3F67-4F83-83DE-E0BD7A918FA8}.AppStore|x86.Deploy.0 = Release|Any CPU
		{345B50DC-3F67-4F83-83DE-E0BD7A918FA8}.Debug|Any CPU.ActiveCfg = Debug|Any CPU
		{345B50DC-3F67-4F83-83DE-E0BD7A918FA8}.Debug|Any CPU.Build.0 = Debug|Any CPU
		{345B50DC-3F67-4F83-83DE-E0BD7A918FA8}.Debug|Any CPU.Deploy.0 = Debug|Any CPU
		{345B50DC-3F67-4F83-83DE-E0BD7A918FA8}.Debug|ARM.ActiveCfg = Debug|Any CPU
		{345B50DC-3F67-4F83-83DE-E0BD7A918FA8}.Debug|ARM.Build.0 = Debug|Any CPU
		{345B50DC-3F67-4F83-83DE-E0BD7A918FA8}.Debug|ARM.Deploy.0 = Debug|Any CPU
		{345B50DC-3F67-4F83-83DE-E0BD7A918FA8}.Debug|iPhone.ActiveCfg = Debug|Any CPU
		{345B50DC-3F67-4F83-83DE-E0BD7A918FA8}.Debug|iPhone.Build.0 = Debug|Any CPU
		{345B50DC-3F67-4F83-83DE-E0BD7A918FA8}.Debug|iPhone.Deploy.0 = Debug|Any CPU
		{345B50DC-3F67-4F83-83DE-E0BD7A918FA8}.Debug|iPhoneSimulator.ActiveCfg = Debug|Any CPU
		{345B50DC-3F67-4F83-83DE-E0BD7A918FA8}.Debug|iPhoneSimulator.Build.0 = Debug|Any CPU
		{345B50DC-3F67-4F83-83DE-E0BD7A918FA8}.Debug|iPhoneSimulator.Deploy.0 = Debug|Any CPU
		{345B50DC-3F67-4F83-83DE-E0BD7A918FA8}.Debug|x64.ActiveCfg = Debug|Any CPU
		{345B50DC-3F67-4F83-83DE-E0BD7A918FA8}.Debug|x64.Build.0 = Debug|Any CPU
		{345B50DC-3F67-4F83-83DE-E0BD7A918FA8}.Debug|x64.Deploy.0 = Debug|Any CPU
		{345B50DC-3F67-4F83-83DE-E0BD7A918FA8}.Debug|x86.ActiveCfg = Debug|Any CPU
		{345B50DC-3F67-4F83-83DE-E0BD7A918FA8}.Debug|x86.Build.0 = Debug|Any CPU
		{345B50DC-3F67-4F83-83DE-E0BD7A918FA8}.Debug|x86.Deploy.0 = Debug|Any CPU
		{345B50DC-3F67-4F83-83DE-E0BD7A918FA8}.Release|Any CPU.ActiveCfg = Release|Any CPU
		{345B50DC-3F67-4F83-83DE-E0BD7A918FA8}.Release|Any CPU.Build.0 = Release|Any CPU
		{345B50DC-3F67-4F83-83DE-E0BD7A918FA8}.Release|Any CPU.Deploy.0 = Release|Any CPU
		{345B50DC-3F67-4F83-83DE-E0BD7A918FA8}.Release|ARM.ActiveCfg = Release|Any CPU
		{345B50DC-3F67-4F83-83DE-E0BD7A918FA8}.Release|ARM.Build.0 = Release|Any CPU
		{345B50DC-3F67-4F83-83DE-E0BD7A918FA8}.Release|ARM.Deploy.0 = Release|Any CPU
		{345B50DC-3F67-4F83-83DE-E0BD7A918FA8}.Release|iPhone.ActiveCfg = Release|Any CPU
		{345B50DC-3F67-4F83-83DE-E0BD7A918FA8}.Release|iPhone.Build.0 = Release|Any CPU
		{345B50DC-3F67-4F83-83DE-E0BD7A918FA8}.Release|iPhone.Deploy.0 = Release|Any CPU
		{345B50DC-3F67-4F83-83DE-E0BD7A918FA8}.Release|iPhoneSimulator.ActiveCfg = Release|Any CPU
		{345B50DC-3F67-4F83-83DE-E0BD7A918FA8}.Release|iPhoneSimulator.Build.0 = Release|Any CPU
		{345B50DC-3F67-4F83-83DE-E0BD7A918FA8}.Release|iPhoneSimulator.Deploy.0 = Release|Any CPU
		{345B50DC-3F67-4F83-83DE-E0BD7A918FA8}.Release|x64.ActiveCfg = Release|Any CPU
		{345B50DC-3F67-4F83-83DE-E0BD7A918FA8}.Release|x64.Build.0 = Release|Any CPU
		{345B50DC-3F67-4F83-83DE-E0BD7A918FA8}.Release|x64.Deploy.0 = Release|Any CPU
		{345B50DC-3F67-4F83-83DE-E0BD7A918FA8}.Release|x86.ActiveCfg = Release|Any CPU
		{345B50DC-3F67-4F83-83DE-E0BD7A918FA8}.Release|x86.Build.0 = Release|Any CPU
		{345B50DC-3F67-4F83-83DE-E0BD7A918FA8}.Release|x86.Deploy.0 = Release|Any CPU
		{A705DD0A-2D7D-42F7-885F-F568261955AB}.Ad-Hoc|Any CPU.ActiveCfg = Ad-Hoc|iPhone
		{A705DD0A-2D7D-42F7-885F-F568261955AB}.Ad-Hoc|ARM.ActiveCfg = Ad-Hoc|iPhone
		{A705DD0A-2D7D-42F7-885F-F568261955AB}.Ad-Hoc|iPhone.ActiveCfg = Ad-Hoc|iPhone
		{A705DD0A-2D7D-42F7-885F-F568261955AB}.Ad-Hoc|iPhone.Build.0 = Ad-Hoc|iPhone
		{A705DD0A-2D7D-42F7-885F-F568261955AB}.Ad-Hoc|iPhoneSimulator.ActiveCfg = Ad-Hoc|iPhoneSimulator
		{A705DD0A-2D7D-42F7-885F-F568261955AB}.Ad-Hoc|iPhoneSimulator.Build.0 = Ad-Hoc|iPhoneSimulator
		{A705DD0A-2D7D-42F7-885F-F568261955AB}.Ad-Hoc|x64.ActiveCfg = Ad-Hoc|iPhone
		{A705DD0A-2D7D-42F7-885F-F568261955AB}.Ad-Hoc|x86.ActiveCfg = Ad-Hoc|iPhone
		{A705DD0A-2D7D-42F7-885F-F568261955AB}.AppStore|Any CPU.ActiveCfg = AppStore|iPhone
		{A705DD0A-2D7D-42F7-885F-F568261955AB}.AppStore|ARM.ActiveCfg = AppStore|iPhone
		{A705DD0A-2D7D-42F7-885F-F568261955AB}.AppStore|iPhone.ActiveCfg = AppStore|iPhone
		{A705DD0A-2D7D-42F7-885F-F568261955AB}.AppStore|iPhone.Build.0 = AppStore|iPhone
		{A705DD0A-2D7D-42F7-885F-F568261955AB}.AppStore|iPhoneSimulator.ActiveCfg = AppStore|iPhoneSimulator
		{A705DD0A-2D7D-42F7-885F-F568261955AB}.AppStore|iPhoneSimulator.Build.0 = AppStore|iPhoneSimulator
		{A705DD0A-2D7D-42F7-885F-F568261955AB}.AppStore|x64.ActiveCfg = AppStore|iPhone
		{A705DD0A-2D7D-42F7-885F-F568261955AB}.AppStore|x86.ActiveCfg = AppStore|iPhone
		{A705DD0A-2D7D-42F7-885F-F568261955AB}.Debug|Any CPU.ActiveCfg = Debug|iPhone
		{A705DD0A-2D7D-42F7-885F-F568261955AB}.Debug|ARM.ActiveCfg = Debug|iPhone
		{A705DD0A-2D7D-42F7-885F-F568261955AB}.Debug|iPhone.ActiveCfg = Debug|iPhone
		{A705DD0A-2D7D-42F7-885F-F568261955AB}.Debug|iPhone.Build.0 = Debug|iPhone
		{A705DD0A-2D7D-42F7-885F-F568261955AB}.Debug|iPhoneSimulator.ActiveCfg = Debug|iPhoneSimulator
		{A705DD0A-2D7D-42F7-885F-F568261955AB}.Debug|iPhoneSimulator.Build.0 = Debug|iPhoneSimulator
		{A705DD0A-2D7D-42F7-885F-F568261955AB}.Debug|x64.ActiveCfg = Debug|iPhone
		{A705DD0A-2D7D-42F7-885F-F568261955AB}.Debug|x86.ActiveCfg = Debug|iPhone
		{A705DD0A-2D7D-42F7-885F-F568261955AB}.Release|Any CPU.ActiveCfg = Release|iPhone
		{A705DD0A-2D7D-42F7-885F-F568261955AB}.Release|ARM.ActiveCfg = Release|iPhone
		{A705DD0A-2D7D-42F7-885F-F568261955AB}.Release|iPhone.ActiveCfg = Release|iPhone
		{A705DD0A-2D7D-42F7-885F-F568261955AB}.Release|iPhone.Build.0 = Release|iPhone
		{A705DD0A-2D7D-42F7-885F-F568261955AB}.Release|iPhoneSimulator.ActiveCfg = Release|iPhoneSimulator
		{A705DD0A-2D7D-42F7-885F-F568261955AB}.Release|iPhoneSimulator.Build.0 = Release|iPhoneSimulator
		{A705DD0A-2D7D-42F7-885F-F568261955AB}.Release|x64.ActiveCfg = Release|iPhone
		{A705DD0A-2D7D-42F7-885F-F568261955AB}.Release|x86.ActiveCfg = Release|iPhone
		{E2D702EA-5B21-4701-842C-0BB04CCD27BE}.Ad-Hoc|Any CPU.ActiveCfg = Release|x86
		{E2D702EA-5B21-4701-842C-0BB04CCD27BE}.Ad-Hoc|Any CPU.Build.0 = Release|x86
		{E2D702EA-5B21-4701-842C-0BB04CCD27BE}.Ad-Hoc|Any CPU.Deploy.0 = Release|x86
		{E2D702EA-5B21-4701-842C-0BB04CCD27BE}.Ad-Hoc|ARM.ActiveCfg = Release|ARM
		{E2D702EA-5B21-4701-842C-0BB04CCD27BE}.Ad-Hoc|ARM.Build.0 = Release|ARM
		{E2D702EA-5B21-4701-842C-0BB04CCD27BE}.Ad-Hoc|ARM.Deploy.0 = Release|ARM
		{E2D702EA-5B21-4701-842C-0BB04CCD27BE}.Ad-Hoc|iPhone.ActiveCfg = Release|x86
		{E2D702EA-5B21-4701-842C-0BB04CCD27BE}.Ad-Hoc|iPhone.Build.0 = Release|x86
		{E2D702EA-5B21-4701-842C-0BB04CCD27BE}.Ad-Hoc|iPhone.Deploy.0 = Release|x86
		{E2D702EA-5B21-4701-842C-0BB04CCD27BE}.Ad-Hoc|iPhoneSimulator.ActiveCfg = Release|x86
		{E2D702EA-5B21-4701-842C-0BB04CCD27BE}.Ad-Hoc|iPhoneSimulator.Build.0 = Release|x86
		{E2D702EA-5B21-4701-842C-0BB04CCD27BE}.Ad-Hoc|iPhoneSimulator.Deploy.0 = Release|x86
		{E2D702EA-5B21-4701-842C-0BB04CCD27BE}.Ad-Hoc|x64.ActiveCfg = Release|x64
		{E2D702EA-5B21-4701-842C-0BB04CCD27BE}.Ad-Hoc|x64.Build.0 = Release|x64
		{E2D702EA-5B21-4701-842C-0BB04CCD27BE}.Ad-Hoc|x64.Deploy.0 = Release|x64
		{E2D702EA-5B21-4701-842C-0BB04CCD27BE}.Ad-Hoc|x86.ActiveCfg = Release|x86
		{E2D702EA-5B21-4701-842C-0BB04CCD27BE}.Ad-Hoc|x86.Build.0 = Release|x86
		{E2D702EA-5B21-4701-842C-0BB04CCD27BE}.Ad-Hoc|x86.Deploy.0 = Release|x86
		{E2D702EA-5B21-4701-842C-0BB04CCD27BE}.AppStore|Any CPU.ActiveCfg = Release|x86
		{E2D702EA-5B21-4701-842C-0BB04CCD27BE}.AppStore|Any CPU.Build.0 = Release|x86
		{E2D702EA-5B21-4701-842C-0BB04CCD27BE}.AppStore|Any CPU.Deploy.0 = Release|x86
		{E2D702EA-5B21-4701-842C-0BB04CCD27BE}.AppStore|ARM.ActiveCfg = Release|ARM
		{E2D702EA-5B21-4701-842C-0BB04CCD27BE}.AppStore|ARM.Build.0 = Release|ARM
		{E2D702EA-5B21-4701-842C-0BB04CCD27BE}.AppStore|ARM.Deploy.0 = Release|ARM
		{E2D702EA-5B21-4701-842C-0BB04CCD27BE}.AppStore|iPhone.ActiveCfg = Release|x86
		{E2D702EA-5B21-4701-842C-0BB04CCD27BE}.AppStore|iPhone.Build.0 = Release|x86
		{E2D702EA-5B21-4701-842C-0BB04CCD27BE}.AppStore|iPhone.Deploy.0 = Release|x86
		{E2D702EA-5B21-4701-842C-0BB04CCD27BE}.AppStore|iPhoneSimulator.ActiveCfg = Release|x86
		{E2D702EA-5B21-4701-842C-0BB04CCD27BE}.AppStore|iPhoneSimulator.Build.0 = Release|x86
		{E2D702EA-5B21-4701-842C-0BB04CCD27BE}.AppStore|iPhoneSimulator.Deploy.0 = Release|x86
		{E2D702EA-5B21-4701-842C-0BB04CCD27BE}.AppStore|x64.ActiveCfg = Release|x64
		{E2D702EA-5B21-4701-842C-0BB04CCD27BE}.AppStore|x64.Build.0 = Release|x64
		{E2D702EA-5B21-4701-842C-0BB04CCD27BE}.AppStore|x64.Deploy.0 = Release|x64
		{E2D702EA-5B21-4701-842C-0BB04CCD27BE}.AppStore|x86.ActiveCfg = Release|x86
		{E2D702EA-5B21-4701-842C-0BB04CCD27BE}.AppStore|x86.Build.0 = Release|x86
		{E2D702EA-5B21-4701-842C-0BB04CCD27BE}.AppStore|x86.Deploy.0 = Release|x86
		{E2D702EA-5B21-4701-842C-0BB04CCD27BE}.Debug|Any CPU.ActiveCfg = Debug|x86
		{E2D702EA-5B21-4701-842C-0BB04CCD27BE}.Debug|Any CPU.Build.0 = Debug|x86
		{E2D702EA-5B21-4701-842C-0BB04CCD27BE}.Debug|Any CPU.Deploy.0 = Debug|x86
		{E2D702EA-5B21-4701-842C-0BB04CCD27BE}.Debug|ARM.ActiveCfg = Debug|ARM
		{E2D702EA-5B21-4701-842C-0BB04CCD27BE}.Debug|ARM.Build.0 = Debug|ARM
		{E2D702EA-5B21-4701-842C-0BB04CCD27BE}.Debug|ARM.Deploy.0 = Debug|ARM
		{E2D702EA-5B21-4701-842C-0BB04CCD27BE}.Debug|iPhone.ActiveCfg = Debug|x86
		{E2D702EA-5B21-4701-842C-0BB04CCD27BE}.Debug|iPhoneSimulator.ActiveCfg = Debug|x86
		{E2D702EA-5B21-4701-842C-0BB04CCD27BE}.Debug|x64.ActiveCfg = Debug|x64
		{E2D702EA-5B21-4701-842C-0BB04CCD27BE}.Debug|x64.Build.0 = Debug|x64
		{E2D702EA-5B21-4701-842C-0BB04CCD27BE}.Debug|x64.Deploy.0 = Debug|x64
		{E2D702EA-5B21-4701-842C-0BB04CCD27BE}.Debug|x86.ActiveCfg = Debug|x86
		{E2D702EA-5B21-4701-842C-0BB04CCD27BE}.Debug|x86.Build.0 = Debug|x86
		{E2D702EA-5B21-4701-842C-0BB04CCD27BE}.Debug|x86.Deploy.0 = Debug|x86
		{E2D702EA-5B21-4701-842C-0BB04CCD27BE}.Release|Any CPU.ActiveCfg = Release|x86
		{E2D702EA-5B21-4701-842C-0BB04CCD27BE}.Release|ARM.ActiveCfg = Release|ARM
		{E2D702EA-5B21-4701-842C-0BB04CCD27BE}.Release|ARM.Build.0 = Release|ARM
		{E2D702EA-5B21-4701-842C-0BB04CCD27BE}.Release|ARM.Deploy.0 = Release|ARM
		{E2D702EA-5B21-4701-842C-0BB04CCD27BE}.Release|iPhone.ActiveCfg = Release|x86
		{E2D702EA-5B21-4701-842C-0BB04CCD27BE}.Release|iPhoneSimulator.ActiveCfg = Release|x86
		{E2D702EA-5B21-4701-842C-0BB04CCD27BE}.Release|x64.ActiveCfg = Release|x64
		{E2D702EA-5B21-4701-842C-0BB04CCD27BE}.Release|x64.Build.0 = Release|x64
		{E2D702EA-5B21-4701-842C-0BB04CCD27BE}.Release|x64.Deploy.0 = Release|x64
		{E2D702EA-5B21-4701-842C-0BB04CCD27BE}.Release|x86.ActiveCfg = Release|x86
		{E2D702EA-5B21-4701-842C-0BB04CCD27BE}.Release|x86.Build.0 = Release|x86
		{E2D702EA-5B21-4701-842C-0BB04CCD27BE}.Release|x86.Deploy.0 = Release|x86
		{79B212F4-7235-4EAE-B123-33105A75AC18}.Ad-Hoc|Any CPU.ActiveCfg = Debug|Any CPU
		{79B212F4-7235-4EAE-B123-33105A75AC18}.Ad-Hoc|Any CPU.Build.0 = Debug|Any CPU
		{79B212F4-7235-4EAE-B123-33105A75AC18}.Ad-Hoc|ARM.ActiveCfg = Debug|Any CPU
		{79B212F4-7235-4EAE-B123-33105A75AC18}.Ad-Hoc|ARM.Build.0 = Debug|Any CPU
		{79B212F4-7235-4EAE-B123-33105A75AC18}.Ad-Hoc|iPhone.ActiveCfg = Debug|Any CPU
		{79B212F4-7235-4EAE-B123-33105A75AC18}.Ad-Hoc|iPhone.Build.0 = Debug|Any CPU
		{79B212F4-7235-4EAE-B123-33105A75AC18}.Ad-Hoc|iPhoneSimulator.ActiveCfg = Debug|Any CPU
		{79B212F4-7235-4EAE-B123-33105A75AC18}.Ad-Hoc|iPhoneSimulator.Build.0 = Debug|Any CPU
		{79B212F4-7235-4EAE-B123-33105A75AC18}.Ad-Hoc|x64.ActiveCfg = Debug|Any CPU
		{79B212F4-7235-4EAE-B123-33105A75AC18}.Ad-Hoc|x64.Build.0 = Debug|Any CPU
		{79B212F4-7235-4EAE-B123-33105A75AC18}.Ad-Hoc|x86.ActiveCfg = Debug|Any CPU
		{79B212F4-7235-4EAE-B123-33105A75AC18}.Ad-Hoc|x86.Build.0 = Debug|Any CPU
		{79B212F4-7235-4EAE-B123-33105A75AC18}.AppStore|Any CPU.ActiveCfg = Debug|Any CPU
		{79B212F4-7235-4EAE-B123-33105A75AC18}.AppStore|Any CPU.Build.0 = Debug|Any CPU
		{79B212F4-7235-4EAE-B123-33105A75AC18}.AppStore|ARM.ActiveCfg = Debug|Any CPU
		{79B212F4-7235-4EAE-B123-33105A75AC18}.AppStore|ARM.Build.0 = Debug|Any CPU
		{79B212F4-7235-4EAE-B123-33105A75AC18}.AppStore|iPhone.ActiveCfg = Debug|Any CPU
		{79B212F4-7235-4EAE-B123-33105A75AC18}.AppStore|iPhone.Build.0 = Debug|Any CPU
		{79B212F4-7235-4EAE-B123-33105A75AC18}.AppStore|iPhoneSimulator.ActiveCfg = Debug|Any CPU
		{79B212F4-7235-4EAE-B123-33105A75AC18}.AppStore|iPhoneSimulator.Build.0 = Debug|Any CPU
		{79B212F4-7235-4EAE-B123-33105A75AC18}.AppStore|x64.ActiveCfg = Debug|Any CPU
		{79B212F4-7235-4EAE-B123-33105A75AC18}.AppStore|x64.Build.0 = Debug|Any CPU
		{79B212F4-7235-4EAE-B123-33105A75AC18}.AppStore|x86.ActiveCfg = Debug|Any CPU
		{79B212F4-7235-4EAE-B123-33105A75AC18}.AppStore|x86.Build.0 = Debug|Any CPU
		{79B212F4-7235-4EAE-B123-33105A75AC18}.Debug|Any CPU.ActiveCfg = Debug|Any CPU
		{79B212F4-7235-4EAE-B123-33105A75AC18}.Debug|Any CPU.Build.0 = Debug|Any CPU
		{79B212F4-7235-4EAE-B123-33105A75AC18}.Debug|ARM.ActiveCfg = Debug|Any CPU
		{79B212F4-7235-4EAE-B123-33105A75AC18}.Debug|ARM.Build.0 = Debug|Any CPU
		{79B212F4-7235-4EAE-B123-33105A75AC18}.Debug|iPhone.ActiveCfg = Debug|Any CPU
		{79B212F4-7235-4EAE-B123-33105A75AC18}.Debug|iPhone.Build.0 = Debug|Any CPU
		{79B212F4-7235-4EAE-B123-33105A75AC18}.Debug|iPhoneSimulator.ActiveCfg = Debug|Any CPU
		{79B212F4-7235-4EAE-B123-33105A75AC18}.Debug|iPhoneSimulator.Build.0 = Debug|Any CPU
		{79B212F4-7235-4EAE-B123-33105A75AC18}.Debug|x64.ActiveCfg = Debug|Any CPU
		{79B212F4-7235-4EAE-B123-33105A75AC18}.Debug|x64.Build.0 = Debug|Any CPU
		{79B212F4-7235-4EAE-B123-33105A75AC18}.Debug|x86.ActiveCfg = Debug|Any CPU
		{79B212F4-7235-4EAE-B123-33105A75AC18}.Debug|x86.Build.0 = Debug|Any CPU
		{79B212F4-7235-4EAE-B123-33105A75AC18}.Release|Any CPU.ActiveCfg = Release|Any CPU
		{79B212F4-7235-4EAE-B123-33105A75AC18}.Release|Any CPU.Build.0 = Release|Any CPU
		{79B212F4-7235-4EAE-B123-33105A75AC18}.Release|ARM.ActiveCfg = Release|Any CPU
		{79B212F4-7235-4EAE-B123-33105A75AC18}.Release|ARM.Build.0 = Release|Any CPU
		{79B212F4-7235-4EAE-B123-33105A75AC18}.Release|iPhone.ActiveCfg = Release|Any CPU
		{79B212F4-7235-4EAE-B123-33105A75AC18}.Release|iPhone.Build.0 = Release|Any CPU
		{79B212F4-7235-4EAE-B123-33105A75AC18}.Release|iPhoneSimulator.ActiveCfg = Release|Any CPU
		{79B212F4-7235-4EAE-B123-33105A75AC18}.Release|iPhoneSimulator.Build.0 = Release|Any CPU
		{79B212F4-7235-4EAE-B123-33105A75AC18}.Release|x64.ActiveCfg = Release|Any CPU
		{79B212F4-7235-4EAE-B123-33105A75AC18}.Release|x64.Build.0 = Release|Any CPU
		{79B212F4-7235-4EAE-B123-33105A75AC18}.Release|x86.ActiveCfg = Release|Any CPU
		{79B212F4-7235-4EAE-B123-33105A75AC18}.Release|x86.Build.0 = Release|Any CPU
	EndGlobalSection
	GlobalSection(SolutionProperties) = preSolution
		HideSolutionNode = FALSE
	EndGlobalSection
	GlobalSection(ExtensibilityGlobals) = postSolution
		SolutionGuid = {D6259F9D-9931-467C-8688-ACD0EC45316E}
	EndGlobalSection
EndGlobal
