
Microsoft Visual Studio Solution File, Format Version 12.00
# Visual Studio 15
VisualStudioVersion = 15.0.27703.2000
MinimumVisualStudioVersion = 10.0.40219.1
Project("{FAE04EC0-301F-11D3-BF4B-00C04F79EFBC}") = "WeatherApp.Android", "WeatherApp\WeatherApp.Android\WeatherApp.Android.csproj", "{5B12C8B3-3F1A-4265-AA5C-5FE455BB0265}"
EndProject
Project("{FAE04EC0-301F-11D3-BF4B-00C04F79EFBC}") = "WeatherApp.iOS", "WeatherApp\WeatherApp.iOS\WeatherApp.iOS.csproj", "{CA348049-E133-405C-82D0-9A2C83FF60A1}"
EndProject
Project("{FAE04EC0-301F-11D3-BF4B-00C04F79EFBC}") = "WeatherApp", "WeatherApp\WeatherApp\WeatherApp.csproj", "{2530BC5D-DF56-46F7-AB0D-054667A4E688}"
EndProject
Global
	GlobalSection(SolutionConfigurationPlatforms) = preSolution
		Ad-Hoc|Any CPU = Ad-Hoc|Any CPU
		Ad-Hoc|iPhone = Ad-Hoc|iPhone
		Ad-Hoc|iPhoneSimulator = Ad-Hoc|iPhoneSimulator
		AppStore|Any CPU = AppStore|Any CPU
		AppStore|iPhone = AppStore|iPhone
		AppStore|iPhoneSimulator = AppStore|iPhoneSimulator
		Debug|Any CPU = Debug|Any CPU
		Debug|iPhone = Debug|iPhone
		Debug|iPhoneSimulator = Debug|iPhoneSimulator
		Release|Any CPU = Release|Any CPU
		Release|iPhone = Release|iPhone
		Release|iPhoneSimulator = Release|iPhoneSimulator
	EndGlobalSection
	GlobalSection(ProjectConfigurationPlatforms) = postSolution
		{5B12C8B3-3F1A-4265-AA5C-5FE455BB0265}.Ad-Hoc|Any CPU.ActiveCfg = Release|Any CPU
		{5B12C8B3-3F1A-4265-AA5C-5FE455BB0265}.Ad-Hoc|Any CPU.Build.0 = Release|Any CPU
		{5B12C8B3-3F1A-4265-AA5C-5FE455BB0265}.Ad-Hoc|Any CPU.Deploy.0 = Release|Any CPU
		{5B12C8B3-3F1A-4265-AA5C-5FE455BB0265}.Ad-Hoc|iPhone.ActiveCfg = Release|Any CPU
		{5B12C8B3-3F1A-4265-AA5C-5FE455BB0265}.Ad-Hoc|iPhone.Build.0 = Release|Any CPU
		{5B12C8B3-3F1A-4265-AA5C-5FE455BB0265}.Ad-Hoc|iPhone.Deploy.0 = Release|Any CPU
		{5B12C8B3-3F1A-4265-AA5C-5FE455BB0265}.Ad-Hoc|iPhoneSimulator.ActiveCfg = Release|Any CPU
		{5B12C8B3-3F1A-4265-AA5C-5FE455BB0265}.Ad-Hoc|iPhoneSimulator.Build.0 = Release|Any CPU
		{5B12C8B3-3F1A-4265-AA5C-5FE455BB0265}.Ad-Hoc|iPhoneSimulator.Deploy.0 = Release|Any CPU
		{5B12C8B3-3F1A-4265-AA5C-5FE455BB0265}.AppStore|Any CPU.ActiveCfg = Release|Any CPU
		{5B12C8B3-3F1A-4265-AA5C-5FE455BB0265}.AppStore|Any CPU.Build.0 = Release|Any CPU
		{5B12C8B3-3F1A-4265-AA5C-5FE455BB0265}.AppStore|Any CPU.Deploy.0 = Release|Any CPU
		{5B12C8B3-3F1A-4265-AA5C-5FE455BB0265}.AppStore|iPhone.ActiveCfg = Release|Any CPU
		{5B12C8B3-3F1A-4265-AA5C-5FE455BB0265}.AppStore|iPhone.Build.0 = Release|Any CPU
		{5B12C8B3-3F1A-4265-AA5C-5FE455BB0265}.AppStore|iPhone.Deploy.0 = Release|Any CPU
		{5B12C8B3-3F1A-4265-AA5C-5FE455BB0265}.AppStore|iPhoneSimulator.ActiveCfg = Release|Any CPU
		{5B12C8B3-3F1A-4265-AA5C-5FE455BB0265}.AppStore|iPhoneSimulator.Build.0 = Release|Any CPU
		{5B12C8B3-3F1A-4265-AA5C-5FE455BB0265}.AppStore|iPhoneSimulator.Deploy.0 = Release|Any CPU
		{5B12C8B3-3F1A-4265-AA5C-5FE455BB0265}.Debug|Any CPU.ActiveCfg = Debug|Any CPU
		{5B12C8B3-3F1A-4265-AA5C-5FE455BB0265}.Debug|Any CPU.Build.0 = Debug|Any CPU
		{5B12C8B3-3F1A-4265-AA5C-5FE455BB0265}.Debug|Any CPU.Deploy.0 = Debug|Any CPU
		{5B12C8B3-3F1A-4265-AA5C-5FE455BB0265}.Debug|iPhone.ActiveCfg = Debug|Any CPU
		{5B12C8B3-3F1A-4265-AA5C-5FE455BB0265}.Debug|iPhone.Build.0 = Debug|Any CPU
		{5B12C8B3-3F1A-4265-AA5C-5FE455BB0265}.Debug|iPhone.Deploy.0 = Debug|Any CPU
		{5B12C8B3-3F1A-4265-AA5C-5FE455BB0265}.Debug|iPhoneSimulator.ActiveCfg = Debug|Any CPU
		{5B12C8B3-3F1A-4265-AA5C-5FE455BB0265}.Debug|iPhoneSimulator.Build.0 = Debug|Any CPU
		{5B12C8B3-3F1A-4265-AA5C-5FE455BB0265}.Debug|iPhoneSimulator.Deploy.0 = Debug|Any CPU
		{5B12C8B3-3F1A-4265-AA5C-5FE455BB0265}.Release|Any CPU.ActiveCfg = Release|Any CPU
		{5B12C8B3-3F1A-4265-AA5C-5FE455BB0265}.Release|Any CPU.Build.0 = Release|Any CPU
		{5B12C8B3-3F1A-4265-AA5C-5FE455BB0265}.Release|Any CPU.Deploy.0 = Release|Any CPU
		{5B12C8B3-3F1A-4265-AA5C-5FE455BB0265}.Release|iPhone.ActiveCfg = Release|Any CPU
		{5B12C8B3-3F1A-4265-AA5C-5FE455BB0265}.Release|iPhone.Build.0 = Release|Any CPU
		{5B12C8B3-3F1A-4265-AA5C-5FE455BB0265}.Release|iPhone.Deploy.0 = Release|Any CPU
		{5B12C8B3-3F1A-4265-AA5C-5FE455BB0265}.Release|iPhoneSimulator.ActiveCfg = Release|Any CPU
		{5B12C8B3-3F1A-4265-AA5C-5FE455BB0265}.Release|iPhoneSimulator.Build.0 = Release|Any CPU
		{5B12C8B3-3F1A-4265-AA5C-5FE455BB0265}.Release|iPhoneSimulator.Deploy.0 = Release|Any CPU
		{CA348049-E133-405C-82D0-9A2C83FF60A1}.Ad-Hoc|Any CPU.ActiveCfg = Ad-Hoc|iPhone
		{CA348049-E133-405C-82D0-9A2C83FF60A1}.Ad-Hoc|Any CPU.Build.0 = Ad-Hoc|iPhone
		{CA348049-E133-405C-82D0-9A2C83FF60A1}.Ad-Hoc|Any CPU.Deploy.0 = Ad-Hoc|iPhone
		{CA348049-E133-405C-82D0-9A2C83FF60A1}.Ad-Hoc|iPhone.ActiveCfg = Ad-Hoc|iPhone
		{CA348049-E133-405C-82D0-9A2C83FF60A1}.Ad-Hoc|iPhone.Build.0 = Ad-Hoc|iPhone
		{CA348049-E133-405C-82D0-9A2C83FF60A1}.Ad-Hoc|iPhone.Deploy.0 = Ad-Hoc|iPhone
		{CA348049-E133-405C-82D0-9A2C83FF60A1}.Ad-Hoc|iPhoneSimulator.ActiveCfg = Ad-Hoc|iPhoneSimulator
		{CA348049-E133-405C-82D0-9A2C83FF60A1}.Ad-Hoc|iPhoneSimulator.Build.0 = Ad-Hoc|iPhoneSimulator
		{CA348049-E133-405C-82D0-9A2C83FF60A1}.Ad-Hoc|iPhoneSimulator.Deploy.0 = Ad-Hoc|iPhoneSimulator
		{CA348049-E133-405C-82D0-9A2C83FF60A1}.AppStore|Any CPU.ActiveCfg = AppStore|iPhone
		{CA348049-E133-405C-82D0-9A2C83FF60A1}.AppStore|Any CPU.Build.0 = AppStore|iPhone
		{CA348049-E133-405C-82D0-9A2C83FF60A1}.AppStore|Any CPU.Deploy.0 = AppStore|iPhone
		{CA348049-E133-405C-82D0-9A2C83FF60A1}.AppStore|iPhone.ActiveCfg = AppStore|iPhone
		{CA348049-E133-405C-82D0-9A2C83FF60A1}.AppStore|iPhone.Build.0 = AppStore|iPhone
		{CA348049-E133-405C-82D0-9A2C83FF60A1}.AppStore|iPhone.Deploy.0 = AppStore|iPhone
		{CA348049-E133-405C-82D0-9A2C83FF60A1}.AppStore|iPhoneSimulator.ActiveCfg = AppStore|iPhoneSimulator
		{CA348049-E133-405C-82D0-9A2C83FF60A1}.AppStore|iPhoneSimulator.Build.0 = AppStore|iPhoneSimulator
		{CA348049-E133-405C-82D0-9A2C83FF60A1}.AppStore|iPhoneSimulator.Deploy.0 = AppStore|iPhoneSimulator
		{CA348049-E133-405C-82D0-9A2C83FF60A1}.Debug|Any CPU.ActiveCfg = Debug|iPhoneSimulator
		{CA348049-E133-405C-82D0-9A2C83FF60A1}.Debug|Any CPU.Build.0 = Debug|iPhoneSimulator
		{CA348049-E133-405C-82D0-9A2C83FF60A1}.Debug|Any CPU.Deploy.0 = Debug|iPhoneSimulator
		{CA348049-E133-405C-82D0-9A2C83FF60A1}.Debug|iPhone.ActiveCfg = Debug|iPhone
		{CA348049-E133-405C-82D0-9A2C83FF60A1}.Debug|iPhone.Build.0 = Debug|iPhone
		{CA348049-E133-405C-82D0-9A2C83FF60A1}.Debug|iPhone.Deploy.0 = Debug|iPhone
		{CA348049-E133-405C-82D0-9A2C83FF60A1}.Debug|iPhoneSimulator.ActiveCfg = Debug|iPhoneSimulator
		{CA348049-E133-405C-82D0-9A2C83FF60A1}.Debug|iPhoneSimulator.Build.0 = Debug|iPhoneSimulator
		{CA348049-E133-405C-82D0-9A2C83FF60A1}.Debug|iPhoneSimulator.Deploy.0 = Debug|iPhoneSimulator
		{CA348049-E133-405C-82D0-9A2C83FF60A1}.Release|Any CPU.ActiveCfg = Release|iPhone
		{CA348049-E133-405C-82D0-9A2C83FF60A1}.Release|Any CPU.Build.0 = Release|iPhone
		{CA348049-E133-405C-82D0-9A2C83FF60A1}.Release|Any CPU.Deploy.0 = Release|iPhone
		{CA348049-E133-405C-82D0-9A2C83FF60A1}.Release|iPhone.ActiveCfg = Release|iPhone
		{CA348049-E133-405C-82D0-9A2C83FF60A1}.Release|iPhone.Build.0 = Release|iPhone
		{CA348049-E133-405C-82D0-9A2C83FF60A1}.Release|iPhone.Deploy.0 = Release|iPhone
		{CA348049-E133-405C-82D0-9A2C83FF60A1}.Release|iPhoneSimulator.ActiveCfg = Release|iPhoneSimulator
		{CA348049-E133-405C-82D0-9A2C83FF60A1}.Release|iPhoneSimulator.Build.0 = Release|iPhoneSimulator
		{CA348049-E133-405C-82D0-9A2C83FF60A1}.Release|iPhoneSimulator.Deploy.0 = Release|iPhoneSimulator
		{2530BC5D-DF56-46F7-AB0D-054667A4E688}.Ad-Hoc|Any CPU.ActiveCfg = Debug|Any CPU
		{2530BC5D-DF56-46F7-AB0D-054667A4E688}.Ad-Hoc|Any CPU.Build.0 = Debug|Any CPU
		{2530BC5D-DF56-46F7-AB0D-054667A4E688}.Ad-Hoc|Any CPU.Deploy.0 = Debug|Any CPU
		{2530BC5D-DF56-46F7-AB0D-054667A4E688}.Ad-Hoc|iPhone.ActiveCfg = Debug|Any CPU
		{2530BC5D-DF56-46F7-AB0D-054667A4E688}.Ad-Hoc|iPhone.Build.0 = Debug|Any CPU
		{2530BC5D-DF56-46F7-AB0D-054667A4E688}.Ad-Hoc|iPhone.Deploy.0 = Debug|Any CPU
		{2530BC5D-DF56-46F7-AB0D-054667A4E688}.Ad-Hoc|iPhoneSimulator.ActiveCfg = Debug|Any CPU
		{2530BC5D-DF56-46F7-AB0D-054667A4E688}.Ad-Hoc|iPhoneSimulator.Build.0 = Debug|Any CPU
		{2530BC5D-DF56-46F7-AB0D-054667A4E688}.Ad-Hoc|iPhoneSimulator.Deploy.0 = Debug|Any CPU
		{2530BC5D-DF56-46F7-AB0D-054667A4E688}.AppStore|Any CPU.ActiveCfg = Debug|Any CPU
		{2530BC5D-DF56-46F7-AB0D-054667A4E688}.AppStore|Any CPU.Build.0 = Debug|Any CPU
		{2530BC5D-DF56-46F7-AB0D-054667A4E688}.AppStore|Any CPU.Deploy.0 = Debug|Any CPU
		{2530BC5D-DF56-46F7-AB0D-054667A4E688}.AppStore|iPhone.ActiveCfg = Debug|Any CPU
		{2530BC5D-DF56-46F7-AB0D-054667A4E688}.AppStore|iPhone.Build.0 = Debug|Any CPU
		{2530BC5D-DF56-46F7-AB0D-054667A4E688}.AppStore|iPhone.Deploy.0 = Debug|Any CPU
		{2530BC5D-DF56-46F7-AB0D-054667A4E688}.AppStore|iPhoneSimulator.ActiveCfg = Debug|Any CPU
		{2530BC5D-DF56-46F7-AB0D-054667A4E688}.AppStore|iPhoneSimulator.Build.0 = Debug|Any CPU
		{2530BC5D-DF56-46F7-AB0D-054667A4E688}.AppStore|iPhoneSimulator.Deploy.0 = Debug|Any CPU
		{2530BC5D-DF56-46F7-AB0D-054667A4E688}.Debug|Any CPU.ActiveCfg = Debug|Any CPU
		{2530BC5D-DF56-46F7-AB0D-054667A4E688}.Debug|Any CPU.Build.0 = Debug|Any CPU
		{2530BC5D-DF56-46F7-AB0D-054667A4E688}.Debug|Any CPU.Deploy.0 = Debug|Any CPU
		{2530BC5D-DF56-46F7-AB0D-054667A4E688}.Debug|iPhone.ActiveCfg = Debug|Any CPU
		{2530BC5D-DF56-46F7-AB0D-054667A4E688}.Debug|iPhone.Build.0 = Debug|Any CPU
		{2530BC5D-DF56-46F7-AB0D-054667A4E688}.Debug|iPhone.Deploy.0 = Debug|Any CPU
		{2530BC5D-DF56-46F7-AB0D-054667A4E688}.Debug|iPhoneSimulator.ActiveCfg = Debug|Any CPU
		{2530BC5D-DF56-46F7-AB0D-054667A4E688}.Debug|iPhoneSimulator.Build.0 = Debug|Any CPU
		{2530BC5D-DF56-46F7-AB0D-054667A4E688}.Debug|iPhoneSimulator.Deploy.0 = Debug|Any CPU
		{2530BC5D-DF56-46F7-AB0D-054667A4E688}.Release|Any CPU.ActiveCfg = Release|Any CPU
		{2530BC5D-DF56-46F7-AB0D-054667A4E688}.Release|Any CPU.Build.0 = Release|Any CPU
		{2530BC5D-DF56-46F7-AB0D-054667A4E688}.Release|Any CPU.Deploy.0 = Release|Any CPU
		{2530BC5D-DF56-46F7-AB0D-054667A4E688}.Release|iPhone.ActiveCfg = Release|Any CPU
		{2530BC5D-DF56-46F7-AB0D-054667A4E688}.Release|iPhone.Build.0 = Release|Any CPU
		{2530BC5D-DF56-46F7-AB0D-054667A4E688}.Release|iPhone.Deploy.0 = Release|Any CPU
		{2530BC5D-DF56-46F7-AB0D-054667A4E688}.Release|iPhoneSimulator.ActiveCfg = Release|Any CPU
		{2530BC5D-DF56-46F7-AB0D-054667A4E688}.Release|iPhoneSimulator.Build.0 = Release|Any CPU
		{2530BC5D-DF56-46F7-AB0D-054667A4E688}.Release|iPhoneSimulator.Deploy.0 = Release|Any CPU
	EndGlobalSection
	GlobalSection(SolutionProperties) = preSolution
		HideSolutionNode = FALSE
	EndGlobalSection
	GlobalSection(ExtensibilityGlobals) = postSolution
		SolutionGuid = {D6259F9D-9931-467C-8688-ACD0EC45316E}
	EndGlobalSection
EndGlobal
